
Microsoft Visual Studio Solution File, Format Version 12.00
# Visual Studio Version 17
VisualStudioVersion = 17.5.002.0
MinimumVisualStudioVersion = 10.0.40219.1
Project("{9A19103F-16F7-4668-BE54-9A1E7A4F7556}") = "laboratoire-doc", "laboratoire-doc.csproj", "{6058C307-6A52-4C0A-BE2D-ED58DA00FEBB}"
EndProject
Global
	GlobalSection(SolutionConfigurationPlatforms) = preSolution
		Debug|Any CPU = Debug|Any CPU
		Release|Any CPU = Release|Any CPU
	EndGlobalSection
	GlobalSection(ProjectConfigurationPlatforms) = postSolution
		{6058C307-6A52-4C0A-BE2D-ED58DA00FEBB}.Debug|Any CPU.ActiveCfg = Debug|Any CPU
		{6058C307-6A52-4C0A-BE2D-ED58DA00FEBB}.Debug|Any CPU.Build.0 = Debug|Any CPU
		{6058C307-6A52-4C0A-BE2D-ED58DA00FEBB}.Release|Any CPU.ActiveCfg = Release|Any CPU
		{6058C307-6A52-4C0A-BE2D-ED58DA00FEBB}.Release|Any CPU.Build.0 = Release|Any CPU
	EndGlobalSection
	GlobalSection(SolutionProperties) = preSolution
		HideSolutionNode = FALSE
	EndGlobalSection
	GlobalSection(ExtensibilityGlobals) = postSolution
		SolutionGuid = {9E19CD62-FB94-4C68-A758-1CE416F5A914}
	EndGlobalSection
EndGlobal
